
Microsoft Visual Studio Solution File, Format Version 12.00
# Visual Studio Version 16
VisualStudioVersion = 16.0.30406.217
MinimumVisualStudioVersion = 10.0.40219.1
Project("{FAE04EC0-301F-11D3-BF4B-00C04F79EFBC}") = "RazorEf", "RazorEf\RazorEf.csproj", "{D690B312-7A02-4A65-A51B-74E2FC820B9B}"
EndProject
Global
	GlobalSection(SolutionConfigurationPlatforms) = preSolution
		Debug|Any CPU = Debug|Any CPU
		Release|Any CPU = Release|Any CPU
	EndGlobalSection
	GlobalSection(ProjectConfigurationPlatforms) = postSolution
		{D690B312-7A02-4A65-A51B-74E2FC820B9B}.Debug|Any CPU.ActiveCfg = Debug|Any CPU
		{D690B312-7A02-4A65-A51B-74E2FC820B9B}.Debug|Any CPU.Build.0 = Debug|Any CPU
		{D690B312-7A02-4A65-A51B-74E2FC820B9B}.Release|Any CPU.ActiveCfg = Release|Any CPU
		{D690B312-7A02-4A65-A51B-74E2FC820B9B}.Release|Any CPU.Build.0 = Release|Any CPU
	EndGlobalSection
	GlobalSection(SolutionProperties) = preSolution
		HideSolutionNode = FALSE
	EndGlobalSection
	GlobalSection(ExtensibilityGlobals) = postSolution
		SolutionGuid = {C31F4121-E49B-4A04-8B31-FEA45C6C0F20}
	EndGlobalSection
EndGlobal
